
Microsoft Visual Studio Solution File, Format Version 12.00
# Visual Studio 2013
VisualStudioVersion = 12.0.31101.0
MinimumVisualStudioVersion = 10.0.40219.1
Project("{FAE04EC0-301F-11D3-BF4B-00C04F79EFBC}") = "ElasticSearchExample", "ElasticSearchExample\ElasticSearchExample.csproj", "{8CABF57D-9828-4E20-BB3E-6BDCC877C021}"
EndProject
Project("{FAE04EC0-301F-11D3-BF4B-00C04F79EFBC}") = "ElasticSearchExample.Console", "ElasticSearchExample.Client\ElasticSearchExample.Console.csproj", "{047A0DA2-7FB2-4F47-8728-E0A04BDED30A}"
EndProject
Global
	GlobalSection(SolutionConfigurationPlatforms) = preSolution
		Debug|Any CPU = Debug|Any CPU
		Release|Any CPU = Release|Any CPU
	EndGlobalSection
	GlobalSection(ProjectConfigurationPlatforms) = postSolution
		{8CABF57D-9828-4E20-BB3E-6BDCC877C021}.Debug|Any CPU.ActiveCfg = Debug|Any CPU
		{8CABF57D-9828-4E20-BB3E-6BDCC877C021}.Debug|Any CPU.Build.0 = Debug|Any CPU
		{8CABF57D-9828-4E20-BB3E-6BDCC877C021}.Release|Any CPU.ActiveCfg = Release|Any CPU
		{8CABF57D-9828-4E20-BB3E-6BDCC877C021}.Release|Any CPU.Build.0 = Release|Any CPU
		{047A0DA2-7FB2-4F47-8728-E0A04BDED30A}.Debug|Any CPU.ActiveCfg = Debug|Any CPU
		{047A0DA2-7FB2-4F47-8728-E0A04BDED30A}.Debug|Any CPU.Build.0 = Debug|Any CPU
		{047A0DA2-7FB2-4F47-8728-E0A04BDED30A}.Release|Any CPU.ActiveCfg = Release|Any CPU
		{047A0DA2-7FB2-4F47-8728-E0A04BDED30A}.Release|Any CPU.Build.0 = Release|Any CPU
	EndGlobalSection
	GlobalSection(SolutionProperties) = preSolution
		HideSolutionNode = FALSE
	EndGlobalSection
EndGlobal
